
Microsoft Visual Studio Solution File, Format Version 12.00
# Visual Studio Version 17
VisualStudioVersion = 17.11.35431.28
MinimumVisualStudioVersion = 10.0.40219.1
Project("{FAE04EC0-301F-11D3-BF4B-00C04F79EFBC}") = "JNBracketMatching.Library", "JNBracketMatching.Library\JNBracketMatching.Library.csproj", "{6AAFAAEC-74EC-417D-AA95-9DBB609B3A48}"
EndProject
Project("{FAE04EC0-301F-11D3-BF4B-00C04F79EFBC}") = "JNBracketMatching.Test", "JNBracketMatching.Test\JNBracketMatching.Test.csproj", "{89ABD347-F871-4991-8096-5F10FD7F9E9F}"
EndProject
Global
	GlobalSection(SolutionConfigurationPlatforms) = preSolution
		Debug|Any CPU = Debug|Any CPU
		Release|Any CPU = Release|Any CPU
	EndGlobalSection
	GlobalSection(ProjectConfigurationPlatforms) = postSolution
		{6AAFAAEC-74EC-417D-AA95-9DBB609B3A48}.Debug|Any CPU.ActiveCfg = Debug|Any CPU
		{6AAFAAEC-74EC-417D-AA95-9DBB609B3A48}.Debug|Any CPU.Build.0 = Debug|Any CPU
		{6AAFAAEC-74EC-417D-AA95-9DBB609B3A48}.Release|Any CPU.ActiveCfg = Release|Any CPU
		{6AAFAAEC-74EC-417D-AA95-9DBB609B3A48}.Release|Any CPU.Build.0 = Release|Any CPU
		{89ABD347-F871-4991-8096-5F10FD7F9E9F}.Debug|Any CPU.ActiveCfg = Debug|Any CPU
		{89ABD347-F871-4991-8096-5F10FD7F9E9F}.Debug|Any CPU.Build.0 = Debug|Any CPU
		{89ABD347-F871-4991-8096-5F10FD7F9E9F}.Release|Any CPU.ActiveCfg = Release|Any CPU
		{89ABD347-F871-4991-8096-5F10FD7F9E9F}.Release|Any CPU.Build.0 = Release|Any CPU
	EndGlobalSection
	GlobalSection(SolutionProperties) = preSolution
		HideSolutionNode = FALSE
	EndGlobalSection
	GlobalSection(ExtensibilityGlobals) = postSolution
		SolutionGuid = {5FBFBB67-5C7A-462E-9C73-04AD6E0AA801}
	EndGlobalSection
EndGlobal
